<?xml version="1.0" encoding="utf-8"?>
<Project ToolsVersion="17.0" xmlns="http://schemas.microsoft.com/developer/msbuild/2003">
  <ItemGroup>
    <CustomBuild Include="C:\Users\Lucas\Documents\GitHub\SpaceGameCPP\CMakeFiles\c92bc1e016094c5ea098bd9deaff987f\INSTALL_force.rule">
      <Filter>CMake Rules</Filter>
    </CustomBuild>
  </ItemGroup>
  <ItemGroup>
    <Filter Include="CMake Rules">
      <UniqueIdentifier>{FE8E0B5F-D559-3A7D-B0CE-59B74DB1447E}</UniqueIdentifier>
    </Filter>
  </ItemGroup>
</Project>
