
Microsoft Visual Studio Solution File, Format Version 12.00
# Visual Studio Version 17
Project("{2150E333-8FDC-42A3-9474-1A3956D46DE8}") = "CMakePredefinedTargets", "CMakePredefinedTargets", "{BD9657B5-CC0E-3F2C-9EF7-2E93B0604297}"
EndProject
Project("{2150E333-8FDC-42A3-9474-1A3956D46DE8}") = "GLFW3", "GLFW3", "{5F679A1F-D014-3840-98A9-7E6C37551A75}"
EndProject
Project("{8BC9CEB8-8B4A-11D0-8D11-00A0C91BC942}") = "ALL_BUILD", "ALL_BUILD.vcxproj", "{262A6021-087C-312E-A62D-6AAF55201F57}"
	ProjectSection(ProjectDependencies) = postProject
		{D82645E9-CD8A-3479-8F82-775432C66059} = {D82645E9-CD8A-3479-8F82-775432C66059}
		{B11E3C32-9387-3A72-90DD-5C742AF31F8D} = {B11E3C32-9387-3A72-90DD-5C742AF31F8D}
		{DADDA665-7483-378B-91E0-C93EBDCD49FB} = {DADDA665-7483-378B-91E0-C93EBDCD49FB}
		{5E65EE97-8B2F-3FD9-8230-52CA55E93F21} = {5E65EE97-8B2F-3FD9-8230-52CA55E93F21}
	EndProjectSection
EndProject
Project("{8BC9CEB8-8B4A-11D0-8D11-00A0C91BC942}") = "INSTALL", "INSTALL.vcxproj", "{F710A217-2EF8-38AE-9607-D435C0657CA7}"
	ProjectSection(ProjectDependencies) = postProject
		{262A6021-087C-312E-A62D-6AAF55201F57} = {262A6021-087C-312E-A62D-6AAF55201F57}
		{B11E3C32-9387-3A72-90DD-5C742AF31F8D} = {B11E3C32-9387-3A72-90DD-5C742AF31F8D}
	EndProjectSection
EndProject
Project("{8BC9CEB8-8B4A-11D0-8D11-00A0C91BC942}") = "PACKAGE", "PACKAGE.vcxproj", "{8293A273-CE1A-3DE2-A381-236B3CC31FF0}"
	ProjectSection(ProjectDependencies) = postProject
		{262A6021-087C-312E-A62D-6AAF55201F57} = {262A6021-087C-312E-A62D-6AAF55201F57}
		{B11E3C32-9387-3A72-90DD-5C742AF31F8D} = {B11E3C32-9387-3A72-90DD-5C742AF31F8D}
	EndProjectSection
EndProject
Project("{8BC9CEB8-8B4A-11D0-8D11-00A0C91BC942}") = "SpaceGameCPP", "SpaceGameCPP.vcxproj", "{D82645E9-CD8A-3479-8F82-775432C66059}"
	ProjectSection(ProjectDependencies) = postProject
		{B11E3C32-9387-3A72-90DD-5C742AF31F8D} = {B11E3C32-9387-3A72-90DD-5C742AF31F8D}
		{DADDA665-7483-378B-91E0-C93EBDCD49FB} = {DADDA665-7483-378B-91E0-C93EBDCD49FB}
		{5E65EE97-8B2F-3FD9-8230-52CA55E93F21} = {5E65EE97-8B2F-3FD9-8230-52CA55E93F21}
	EndProjectSection
EndProject
Project("{8BC9CEB8-8B4A-11D0-8D11-00A0C91BC942}") = "ZERO_CHECK", "ZERO_CHECK.vcxproj", "{B11E3C32-9387-3A72-90DD-5C742AF31F8D}"
	ProjectSection(ProjectDependencies) = postProject
	EndProjectSection
EndProject
Project("{8BC9CEB8-8B4A-11D0-8D11-00A0C91BC942}") = "glfw", "_deps\raylib-build\raylib\external\glfw\src\glfw.vcxproj", "{DADDA665-7483-378B-91E0-C93EBDCD49FB}"
	ProjectSection(ProjectDependencies) = postProject
		{B11E3C32-9387-3A72-90DD-5C742AF31F8D} = {B11E3C32-9387-3A72-90DD-5C742AF31F8D}
	EndProjectSection
EndProject
Project("{8BC9CEB8-8B4A-11D0-8D11-00A0C91BC942}") = "raylib", "_deps\raylib-build\raylib\raylib.vcxproj", "{5E65EE97-8B2F-3FD9-8230-52CA55E93F21}"
	ProjectSection(ProjectDependencies) = postProject
		{B11E3C32-9387-3A72-90DD-5C742AF31F8D} = {B11E3C32-9387-3A72-90DD-5C742AF31F8D}
		{DADDA665-7483-378B-91E0-C93EBDCD49FB} = {DADDA665-7483-378B-91E0-C93EBDCD49FB}
	EndProjectSection
EndProject
Project("{8BC9CEB8-8B4A-11D0-8D11-00A0C91BC942}") = "uninstall", "_deps\raylib-build\uninstall.vcxproj", "{E42EDFB6-06C7-39AE-BC95-D94107C30C38}"
	ProjectSection(ProjectDependencies) = postProject
		{B11E3C32-9387-3A72-90DD-5C742AF31F8D} = {B11E3C32-9387-3A72-90DD-5C742AF31F8D}
	EndProjectSection
EndProject
Project("{8BC9CEB8-8B4A-11D0-8D11-00A0C91BC942}") = "update_mappings", "_deps\raylib-build\raylib\external\glfw\src\update_mappings.vcxproj", "{7CA9D82F-6731-3C1D-81F6-AEF8301174AA}"
	ProjectSection(ProjectDependencies) = postProject
		{B11E3C32-9387-3A72-90DD-5C742AF31F8D} = {B11E3C32-9387-3A72-90DD-5C742AF31F8D}
	EndProjectSection
EndProject
Global
	GlobalSection(SolutionConfigurationPlatforms) = preSolution
		Debug|x64 = Debug|x64
		Release|x64 = Release|x64
		MinSizeRel|x64 = MinSizeRel|x64
		RelWithDebInfo|x64 = RelWithDebInfo|x64
	EndGlobalSection
	GlobalSection(ProjectConfigurationPlatforms) = postSolution
		{262A6021-087C-312E-A62D-6AAF55201F57}.Debug|x64.ActiveCfg = Debug|x64
		{262A6021-087C-312E-A62D-6AAF55201F57}.Debug|x64.Build.0 = Debug|x64
		{262A6021-087C-312E-A62D-6AAF55201F57}.Release|x64.ActiveCfg = Release|x64
		{262A6021-087C-312E-A62D-6AAF55201F57}.Release|x64.Build.0 = Release|x64
		{262A6021-087C-312E-A62D-6AAF55201F57}.MinSizeRel|x64.ActiveCfg = MinSizeRel|x64
		{262A6021-087C-312E-A62D-6AAF55201F57}.MinSizeRel|x64.Build.0 = MinSizeRel|x64
		{262A6021-087C-312E-A62D-6AAF55201F57}.RelWithDebInfo|x64.ActiveCfg = RelWithDebInfo|x64
		{262A6021-087C-312E-A62D-6AAF55201F57}.RelWithDebInfo|x64.Build.0 = RelWithDebInfo|x64
		{F710A217-2EF8-38AE-9607-D435C0657CA7}.Debug|x64.ActiveCfg = Debug|x64
		{F710A217-2EF8-38AE-9607-D435C0657CA7}.Release|x64.ActiveCfg = Release|x64
		{F710A217-2EF8-38AE-9607-D435C0657CA7}.MinSizeRel|x64.ActiveCfg = MinSizeRel|x64
		{F710A217-2EF8-38AE-9607-D435C0657CA7}.RelWithDebInfo|x64.ActiveCfg = RelWithDebInfo|x64
		{8293A273-CE1A-3DE2-A381-236B3CC31FF0}.Debug|x64.ActiveCfg = Debug|x64
		{8293A273-CE1A-3DE2-A381-236B3CC31FF0}.Release|x64.ActiveCfg = Release|x64
		{8293A273-CE1A-3DE2-A381-236B3CC31FF0}.MinSizeRel|x64.ActiveCfg = MinSizeRel|x64
		{8293A273-CE1A-3DE2-A381-236B3CC31FF0}.RelWithDebInfo|x64.ActiveCfg = RelWithDebInfo|x64
		{D82645E9-CD8A-3479-8F82-775432C66059}.Debug|x64.ActiveCfg = Debug|x64
		{D82645E9-CD8A-3479-8F82-775432C66059}.Debug|x64.Build.0 = Debug|x64
		{D82645E9-CD8A-3479-8F82-775432C66059}.Release|x64.ActiveCfg = Release|x64
		{D82645E9-CD8A-3479-8F82-775432C66059}.Release|x64.Build.0 = Release|x64
		{D82645E9-CD8A-3479-8F82-775432C66059}.MinSizeRel|x64.ActiveCfg = MinSizeRel|x64
		{D82645E9-CD8A-3479-8F82-775432C66059}.MinSizeRel|x64.Build.0 = MinSizeRel|x64
		{D82645E9-CD8A-3479-8F82-775432C66059}.RelWithDebInfo|x64.ActiveCfg = RelWithDebInfo|x64
		{D82645E9-CD8A-3479-8F82-775432C66059}.RelWithDebInfo|x64.Build.0 = RelWithDebInfo|x64
		{B11E3C32-9387-3A72-90DD-5C742AF31F8D}.Debug|x64.ActiveCfg = Debug|x64
		{B11E3C32-9387-3A72-90DD-5C742AF31F8D}.Debug|x64.Build.0 = Debug|x64
		{B11E3C32-9387-3A72-90DD-5C742AF31F8D}.Release|x64.ActiveCfg = Release|x64
		{B11E3C32-9387-3A72-90DD-5C742AF31F8D}.Release|x64.Build.0 = Release|x64
		{B11E3C32-9387-3A72-90DD-5C742AF31F8D}.MinSizeRel|x64.ActiveCfg = MinSizeRel|x64
		{B11E3C32-9387-3A72-90DD-5C742AF31F8D}.MinSizeRel|x64.Build.0 = MinSizeRel|x64
		{B11E3C32-9387-3A72-90DD-5C742AF31F8D}.RelWithDebInfo|x64.ActiveCfg = RelWithDebInfo|x64
		{B11E3C32-9387-3A72-90DD-5C742AF31F8D}.RelWithDebInfo|x64.Build.0 = RelWithDebInfo|x64
		{DADDA665-7483-378B-91E0-C93EBDCD49FB}.Debug|x64.ActiveCfg = Debug|x64
		{DADDA665-7483-378B-91E0-C93EBDCD49FB}.Debug|x64.Build.0 = Debug|x64
		{DADDA665-7483-378B-91E0-C93EBDCD49FB}.Release|x64.ActiveCfg = Release|x64
		{DADDA665-7483-378B-91E0-C93EBDCD49FB}.Release|x64.Build.0 = Release|x64
		{DADDA665-7483-378B-91E0-C93EBDCD49FB}.MinSizeRel|x64.ActiveCfg = MinSizeRel|x64
		{DADDA665-7483-378B-91E0-C93EBDCD49FB}.MinSizeRel|x64.Build.0 = MinSizeRel|x64
		{DADDA665-7483-378B-91E0-C93EBDCD49FB}.RelWithDebInfo|x64.ActiveCfg = RelWithDebInfo|x64
		{DADDA665-7483-378B-91E0-C93EBDCD49FB}.RelWithDebInfo|x64.Build.0 = RelWithDebInfo|x64
		{5E65EE97-8B2F-3FD9-8230-52CA55E93F21}.Debug|x64.ActiveCfg = Debug|x64
		{5E65EE97-8B2F-3FD9-8230-52CA55E93F21}.Debug|x64.Build.0 = Debug|x64
		{5E65EE97-8B2F-3FD9-8230-52CA55E93F21}.Release|x64.ActiveCfg = Release|x64
		{5E65EE97-8B2F-3FD9-8230-52CA55E93F21}.Release|x64.Build.0 = Release|x64
		{5E65EE97-8B2F-3FD9-8230-52CA55E93F21}.MinSizeRel|x64.ActiveCfg = MinSizeRel|x64
		{5E65EE97-8B2F-3FD9-8230-52CA55E93F21}.MinSizeRel|x64.Build.0 = MinSizeRel|x64
		{5E65EE97-8B2F-3FD9-8230-52CA55E93F21}.RelWithDebInfo|x64.ActiveCfg = RelWithDebInfo|x64
		{5E65EE97-8B2F-3FD9-8230-52CA55E93F21}.RelWithDebInfo|x64.Build.0 = RelWithDebInfo|x64
		{E42EDFB6-06C7-39AE-BC95-D94107C30C38}.Debug|x64.ActiveCfg = Debug|x64
		{E42EDFB6-06C7-39AE-BC95-D94107C30C38}.Release|x64.ActiveCfg = Release|x64
		{E42EDFB6-06C7-39AE-BC95-D94107C30C38}.MinSizeRel|x64.ActiveCfg = MinSizeRel|x64
		{E42EDFB6-06C7-39AE-BC95-D94107C30C38}.RelWithDebInfo|x64.ActiveCfg = RelWithDebInfo|x64
		{7CA9D82F-6731-3C1D-81F6-AEF8301174AA}.Debug|x64.ActiveCfg = Debug|x64
		{7CA9D82F-6731-3C1D-81F6-AEF8301174AA}.Release|x64.ActiveCfg = Release|x64
		{7CA9D82F-6731-3C1D-81F6-AEF8301174AA}.MinSizeRel|x64.ActiveCfg = MinSizeRel|x64
		{7CA9D82F-6731-3C1D-81F6-AEF8301174AA}.RelWithDebInfo|x64.ActiveCfg = RelWithDebInfo|x64
	EndGlobalSection
	GlobalSection(NestedProjects) = preSolution
		{262A6021-087C-312E-A62D-6AAF55201F57} = {BD9657B5-CC0E-3F2C-9EF7-2E93B0604297}
		{F710A217-2EF8-38AE-9607-D435C0657CA7} = {BD9657B5-CC0E-3F2C-9EF7-2E93B0604297}
		{8293A273-CE1A-3DE2-A381-236B3CC31FF0} = {BD9657B5-CC0E-3F2C-9EF7-2E93B0604297}
		{B11E3C32-9387-3A72-90DD-5C742AF31F8D} = {BD9657B5-CC0E-3F2C-9EF7-2E93B0604297}
		{DADDA665-7483-378B-91E0-C93EBDCD49FB} = {5F679A1F-D014-3840-98A9-7E6C37551A75}
		{7CA9D82F-6731-3C1D-81F6-AEF8301174AA} = {5F679A1F-D014-3840-98A9-7E6C37551A75}
	EndGlobalSection
	GlobalSection(ExtensibilityGlobals) = postSolution
		SolutionGuid = {30592F2E-8DE7-3937-AD0B-7A99B221E881}
	EndGlobalSection
	GlobalSection(ExtensibilityAddIns) = postSolution
	EndGlobalSection
EndGlobal
